
Microsoft Visual Studio Solution File, Format Version 12.00
# Visual Studio Version 17
VisualStudioVersion = 17.2.32616.157
MinimumVisualStudioVersion = 10.0.40219.1
Project("{FAE04EC0-301F-11D3-BF4B-00C04F79EFBC}") = "BlazorHybridWPF", "BlazorHybridWPF\BlazorHybridWPF.csproj", "{350DA90D-1B84-4439-B2DE-FD2E70323CBE}"
EndProject
Global
	GlobalSection(SolutionConfigurationPlatforms) = preSolution
		Debug|Any CPU = Debug|Any CPU
		Release|Any CPU = Release|Any CPU
	EndGlobalSection
	GlobalSection(ProjectConfigurationPlatforms) = postSolution
		{350DA90D-1B84-4439-B2DE-FD2E70323CBE}.Debug|Any CPU.ActiveCfg = Debug|Any CPU
		{350DA90D-1B84-4439-B2DE-FD2E70323CBE}.Debug|Any CPU.Build.0 = Debug|Any CPU
		{350DA90D-1B84-4439-B2DE-FD2E70323CBE}.Release|Any CPU.ActiveCfg = Release|Any CPU
		{350DA90D-1B84-4439-B2DE-FD2E70323CBE}.Release|Any CPU.Build.0 = Release|Any CPU
	EndGlobalSection
	GlobalSection(SolutionProperties) = preSolution
		HideSolutionNode = FALSE
	EndGlobalSection
	GlobalSection(ExtensibilityGlobals) = postSolution
		SolutionGuid = {36E18501-40F7-4550-B17C-B181C0CA4536}
	EndGlobalSection
EndGlobal
